
Microsoft Visual Studio Solution File, Format Version 12.00
# Visual Studio Version 17
VisualStudioVersion = 17.0.31903.59
MinimumVisualStudioVersion = 10.0.40219.1
Project("{2150E333-8FDC-42A3-9474-1A3956D46DE8}") = "Solution Items", "Solution Items", "{1E05D29A-7B4E-40C9-92A6-EC97FEC70ED7}"
	ProjectSection(SolutionItems) = preProject
		.editorconfig = .editorconfig
		docker-compose.yaml = docker-compose.yaml
	EndProjectSection
EndProject
Project("{2150E333-8FDC-42A3-9474-1A3956D46DE8}") = "src", "src", "{02EA681E-C7D8-13C7-8484-4AC65E1B71E8}"
EndProject
Project("{FAE04EC0-301F-11D3-BF4B-00C04F79EFBC}") = "ArosMarket.Core", "ArosMarket.Core\ArosMarket.Core.csproj", "{3AD0B71E-9BCA-4DE6-9B65-7A461E66E09A}"
EndProject
Global
	GlobalSection(SolutionConfigurationPlatforms) = preSolution
		Debug|Any CPU = Debug|Any CPU
		Release|Any CPU = Release|Any CPU
	EndGlobalSection
	GlobalSection(ProjectConfigurationPlatforms) = postSolution
		{3AD0B71E-9BCA-4DE6-9B65-7A461E66E09A}.Debug|Any CPU.ActiveCfg = Debug|Any CPU
		{3AD0B71E-9BCA-4DE6-9B65-7A461E66E09A}.Debug|Any CPU.Build.0 = Debug|Any CPU
		{3AD0B71E-9BCA-4DE6-9B65-7A461E66E09A}.Release|Any CPU.ActiveCfg = Release|Any CPU
		{3AD0B71E-9BCA-4DE6-9B65-7A461E66E09A}.Release|Any CPU.Build.0 = Release|Any CPU
	EndGlobalSection
	GlobalSection(SolutionProperties) = preSolution
		HideSolutionNode = FALSE
	EndGlobalSection
	GlobalSection(NestedProjects) = preSolution
		{3AD0B71E-9BCA-4DE6-9B65-7A461E66E09A} = {02EA681E-C7D8-13C7-8484-4AC65E1B71E8}
	EndGlobalSection
	GlobalSection(ExtensibilityGlobals) = postSolution
		SolutionGuid = {8781DA38-3D60-4045-AA18-F45E5CDCA537}
	EndGlobalSection
EndGlobal
